{
    "name": "@templatone/kreslo",
    "version": "3.4.3",
    "lockfileVersion": 2,
    "requires": true,
    "packages": {
        "": {
            "name": "@templatone/kreslo",
            "version": "3.4.3",
            "license": "CC-BY-NC-ND-4.0",
            "dependencies": {
                "@templatone/utils": "^1.0.1"
            }
        },
        "node_modules/@templatone/utils": {
            "version": "1.0.1",
            "resolved": "https://registry.npmjs.org/@templatone/utils/-/utils-1.0.1.tgz",
            "integrity": "sha512-J0aym0+xur9QQfD0L8Z3yt4kzd7m2jlqpJwFEkbpR2L0gsZ6I+rL4Z5SZ5J9iUKMlzreane1ZtanGS89KJHG4w=="
        }
    },
    "dependencies": {
        "@templatone/utils": {
            "version": "1.0.1",
            "resolved": "https://registry.npmjs.org/@templatone/utils/-/utils-1.0.1.tgz",
            "integrity": "sha512-J0aym0+xur9QQfD0L8Z3yt4kzd7m2jlqpJwFEkbpR2L0gsZ6I+rL4Z5SZ5J9iUKMlzreane1ZtanGS89KJHG4w=="
        }
    }
}
