{
  "name": "@templatone/kreslo",
  "version": "3.11.1",
  "lockfileVersion": 2,
  "requires": true,
  "packages": {
    "": {
      "name": "@templatone/kreslo",
      "version": "3.11.1",
      "license": "CC-BY-NC-ND-4.0",
      "dependencies": {
        "@templatone/utils": "^1.2.6"
      },
      "devDependencies": {
        "typescript": "^4.6.3"
      }
    },
    "node_modules/@templatone/utils": {
      "version": "1.2.6",
      "resolved": "https://registry.npmjs.org/@templatone/utils/-/utils-1.2.6.tgz",
      "integrity": "sha512-S91l9vTVFwA6cAsjUQ3kcRwg1qP5t4LZQtNEihi1CyzNEKxxq0neIrpMeUyFPmQY7jM4rCYElfhaDIFQrmlUGA==",
      "dependencies": {
        "@types/webfontloader": "^1.6.33",
        "webfontloader": "^1.6.28"
      }
    },
    "node_modules/@types/webfontloader": {
      "version": "1.6.34",
      "resolved": "https://registry.npmjs.org/@types/webfontloader/-/webfontloader-1.6.34.tgz",
      "integrity": "sha512-yNIPDl3P1yK/ag9C8CdleEhWrtU1myGr3cxb0yEBN/tkCYoGP5PbQa53mQCXcOLFAvBFzJJQfuEahOZ0ARakqw=="
    },
    "node_modules/typescript": {
      "version": "4.6.3",
      "resolved": "https://registry.npmjs.org/typescript/-/typescript-4.6.3.tgz",
      "integrity": "sha512-yNIatDa5iaofVozS/uQJEl3JRWLKKGJKh6Yaiv0GLGSuhpFJe7P3SbHZ8/yjAHRQwKRoA6YZqlfjXWmVzoVSMw==",
      "dev": true,
      "bin": {
        "tsc": "bin/tsc",
        "tsserver": "bin/tsserver"
      },
      "engines": {
        "node": ">=4.2.0"
      }
    },
    "node_modules/webfontloader": {
      "version": "1.6.28",
      "resolved": "https://registry.npmjs.org/webfontloader/-/webfontloader-1.6.28.tgz",
      "integrity": "sha1-23hhKSU8tujq5UwvsF+HCvZnW64="
    }
  },
  "dependencies": {
    "@templatone/utils": {
      "version": "1.2.6",
      "resolved": "https://registry.npmjs.org/@templatone/utils/-/utils-1.2.6.tgz",
      "integrity": "sha512-S91l9vTVFwA6cAsjUQ3kcRwg1qP5t4LZQtNEihi1CyzNEKxxq0neIrpMeUyFPmQY7jM4rCYElfhaDIFQrmlUGA==",
      "requires": {
        "@types/webfontloader": "^1.6.33",
        "webfontloader": "^1.6.28"
      }
    },
    "@types/webfontloader": {
      "version": "1.6.34",
      "resolved": "https://registry.npmjs.org/@types/webfontloader/-/webfontloader-1.6.34.tgz",
      "integrity": "sha512-yNIPDl3P1yK/ag9C8CdleEhWrtU1myGr3cxb0yEBN/tkCYoGP5PbQa53mQCXcOLFAvBFzJJQfuEahOZ0ARakqw=="
    },
    "typescript": {
      "version": "4.6.3",
      "resolved": "https://registry.npmjs.org/typescript/-/typescript-4.6.3.tgz",
      "integrity": "sha512-yNIatDa5iaofVozS/uQJEl3JRWLKKGJKh6Yaiv0GLGSuhpFJe7P3SbHZ8/yjAHRQwKRoA6YZqlfjXWmVzoVSMw==",
      "dev": true
    },
    "webfontloader": {
      "version": "1.6.28",
      "resolved": "https://registry.npmjs.org/webfontloader/-/webfontloader-1.6.28.tgz",
      "integrity": "sha1-23hhKSU8tujq5UwvsF+HCvZnW64="
    }
  }
}
